// !$*UTF8*$!
{
	archiveVersion = 1;
	classes = {
	};
	objectVersion = 48;
	objects = {

/* Begin PBXBuildFile section */
		0B0CC9D7200BEAB0003ADD36 /* AppDelegate.swift in Sources */ = {isa = PBXBuildFile; fileRef = 0B0CC9D6200BEAB0003ADD36 /* AppDelegate.swift */; };
		0B0CC9DB200BEAB0003ADD36 /* Assets.xcassets in Resources */ = {isa = PBXBuildFile; fileRef = 0B0CC9DA200BEAB0003ADD36 /* Assets.xcassets */; };
		0B0CC9DE200BEAB0003ADD36 /* Main.storyboard in Resources */ = {isa = PBXBuildFile; fileRef = 0B0CC9DC200BEAB0003ADD36 /* Main.storyboard */; };
		0B0CC9E7200BFE15003ADD36 /* MetalView.swift in Sources */ = {isa = PBXBuildFile; fileRef = 0B0CC9E6200BFE15003ADD36 /* MetalView.swift */; };
		0B0CC9E9200BFE93003ADD36 /* simd_la.swift in Sources */ = {isa = PBXBuildFile; fileRef = 0B0CC9E8200BFE93003ADD36 /* simd_la.swift */; };
		0B0CC9EB200BFEAB003ADD36 /* Camera.swift in Sources */ = {isa = PBXBuildFile; fileRef = 0B0CC9EA200BFEAB003ADD36 /* Camera.swift */; };
		0B0CC9ED200C0211003ADD36 /* Shaders.metal in Sources */ = {isa = PBXBuildFile; fileRef = 0B0CC9EC200C0211003ADD36 /* Shaders.metal */; };
		0B3820B8207E702900B4D957 /* AppDelegate.swift in Sources */ = {isa = PBXBuildFile; fileRef = 0B3820B7207E702900B4D957 /* AppDelegate.swift */; };
		0B3820C2207E702900B4D957 /* Main.storyboard in Resources */ = {isa = PBXBuildFile; fileRef = 0B3820C0207E702900B4D957 /* Main.storyboard */; };
		0B3820C4207E702900B4D957 /* Assets.xcassets in Resources */ = {isa = PBXBuildFile; fileRef = 0B3820C3207E702900B4D957 /* Assets.xcassets */; };
		0B3820C7207E702900B4D957 /* LaunchScreen.storyboard in Resources */ = {isa = PBXBuildFile; fileRef = 0B3820C5207E702900B4D957 /* LaunchScreen.storyboard */; };
		0B3820CF207E719000B4D957 /* GameViewController.swift in Sources */ = {isa = PBXBuildFile; fileRef = 0B3820CE207E719000B4D957 /* GameViewController.swift */; };
		0B3820D7207E723500B4D957 /* AppDelegate.swift in Sources */ = {isa = PBXBuildFile; fileRef = 0B3820D6207E723500B4D957 /* AppDelegate.swift */; };
		0B3820DD207E723500B4D957 /* Shaders.metal in Sources */ = {isa = PBXBuildFile; fileRef = 0B3820DC207E723500B4D957 /* Shaders.metal */; };
		0B3820E0207E723500B4D957 /* Assets.xcassets in Resources */ = {isa = PBXBuildFile; fileRef = 0B3820DF207E723500B4D957 /* Assets.xcassets */; };
		0B3820E3207E723500B4D957 /* Main.storyboard in Resources */ = {isa = PBXBuildFile; fileRef = 0B3820E1207E723500B4D957 /* Main.storyboard */; };
		0B3820E9207E730B00B4D957 /* ViewController.swift in Sources */ = {isa = PBXBuildFile; fileRef = 0B3820CC207E712B00B4D957 /* ViewController.swift */; };
		0B3820EA207E730C00B4D957 /* ViewController.swift in Sources */ = {isa = PBXBuildFile; fileRef = 0B3820CC207E712B00B4D957 /* ViewController.swift */; };
		0B3820ED207E735E00B4D957 /* PlatformTypes.swift in Sources */ = {isa = PBXBuildFile; fileRef = 0B3820EC207E735E00B4D957 /* PlatformTypes.swift */; };
		0B3820EE207E782A00B4D957 /* PlatformTypes.swift in Sources */ = {isa = PBXBuildFile; fileRef = 0B3820EC207E735E00B4D957 /* PlatformTypes.swift */; };
		0B3820EF207E783100B4D957 /* PlatformTypes.swift in Sources */ = {isa = PBXBuildFile; fileRef = 0B3820EC207E735E00B4D957 /* PlatformTypes.swift */; };
		0B3A583420432EC2003CD13B /* RenderManager.swift in Sources */ = {isa = PBXBuildFile; fileRef = 0B3A583320432EC2003CD13B /* RenderManager.swift */; };
		0B3A583620433CA4003CD13B /* TerrainManager.swift in Sources */ = {isa = PBXBuildFile; fileRef = 0B3A583520433CA4003CD13B /* TerrainManager.swift */; };
		0B3A583820435C1E003CD13B /* simd+ext.swift in Sources */ = {isa = PBXBuildFile; fileRef = 0B3A583720435C1E003CD13B /* simd+ext.swift */; };
		0B3A583A2043A475003CD13B /* TerrainState.swift in Sources */ = {isa = PBXBuildFile; fileRef = 0B3A58392043A475003CD13B /* TerrainState.swift */; };
		0B443B422076E31000DA4921 /* signed_distance_functions.metal in Sources */ = {isa = PBXBuildFile; fileRef = 0B443B412076E31000DA4921 /* signed_distance_functions.metal */; };
		0B443B442076E32200DA4921 /* signed_distance_functions_header.metal in Sources */ = {isa = PBXBuildFile; fileRef = 0B443B432076E32200DA4921 /* signed_distance_functions_header.metal */; };
		0B489BD3203E3B6400BDDBC2 /* BufferProvider.swift in Sources */ = {isa = PBXBuildFile; fileRef = 0B489BD2203E3B6400BDDBC2 /* BufferProvider.swift */; };
		0B53A27A202C0C5D00164119 /* terrain_header.metal in Sources */ = {isa = PBXBuildFile; fileRef = 0B53A279202C0C5D00164119 /* terrain_header.metal */; };
		0B53A27C202C0C6800164119 /* terrain.metal in Sources */ = {isa = PBXBuildFile; fileRef = 0B53A27B202C0C6800164119 /* terrain.metal */; };
		0B798966201D1F980060855A /* TessellationShaders.metal in Sources */ = {isa = PBXBuildFile; fileRef = 0B798965201D1F980060855A /* TessellationShaders.metal */; };
		0BAA4C68204E1B2100AAAC4A /* MetalKit.framework in Frameworks */ = {isa = PBXBuildFile; fileRef = 0BAA4C65204E1B2000AAAC4A /* MetalKit.framework */; };
		0BAA4C69204E1B2100AAAC4A /* Metal.framework in Frameworks */ = {isa = PBXBuildFile; fileRef = 0BAA4C66204E1B2000AAAC4A /* Metal.framework */; };
		0BAA4C6A204E1B2100AAAC4A /* MetalPerformanceShaders.framework in Frameworks */ = {isa = PBXBuildFile; fileRef = 0BAA4C67204E1B2000AAAC4A /* MetalPerformanceShaders.framework */; };
		0BAA4C6C204F576900AAAC4A /* MathUtils.swift in Sources */ = {isa = PBXBuildFile; fileRef = 0BAA4C6B204F576900AAAC4A /* MathUtils.swift */; };
		0BCC3B3F20697BDA007B345A /* TerrainTables.swift in Sources */ = {isa = PBXBuildFile; fileRef = 0BCC3B3E20697BDA007B345A /* TerrainTables.swift */; };
		0BCC3B47207191EC007B345A /* data_types.metal in Sources */ = {isa = PBXBuildFile; fileRef = 0BCC3B46207191EC007B345A /* data_types.metal */; };
		0BF30CB62080184100094C07 /* RenderManager.swift in Sources */ = {isa = PBXBuildFile; fileRef = 0B3A583320432EC2003CD13B /* RenderManager.swift */; };
/* End PBXBuildFile section */

/* Begin PBXFileReference section */
		0B0CC9D3200BEAB0003ADD36 /* MiniMinecraft.app */ = {isa = PBXFileReference; explicitFileType = wrapper.application; includeInIndex = 0; path = MiniMinecraft.app; sourceTree = BUILT_PRODUCTS_DIR; };
		0B0CC9D6200BEAB0003ADD36 /* AppDelegate.swift */ = {isa = PBXFileReference; lastKnownFileType = sourcecode.swift; path = AppDelegate.swift; sourceTree = "<group>"; };
		0B0CC9DA200BEAB0003ADD36 /* Assets.xcassets */ = {isa = PBXFileReference; lastKnownFileType = folder.assetcatalog; path = Assets.xcassets; sourceTree = "<group>"; };
		0B0CC9DD200BEAB0003ADD36 /* Base */ = {isa = PBXFileReference; lastKnownFileType = file.storyboard; name = Base; path = Base.lproj/Main.storyboard; sourceTree = "<group>"; };
		0B0CC9DF200BEAB0003ADD36 /* Info.plist */ = {isa = PBXFileReference; lastKnownFileType = text.plist.xml; path = Info.plist; sourceTree = "<group>"; };
		0B0CC9E0200BEAB0003ADD36 /* MiniMinecraft.entitlements */ = {isa = PBXFileReference; lastKnownFileType = text.plist.entitlements; path = MiniMinecraft.entitlements; sourceTree = "<group>"; };
		0B0CC9E6200BFE15003ADD36 /* MetalView.swift */ = {isa = PBXFileReference; lastKnownFileType = sourcecode.swift; path = MetalView.swift; sourceTree = "<group>"; };
		0B0CC9E8200BFE93003ADD36 /* simd_la.swift */ = {isa = PBXFileReference; lastKnownFileType = sourcecode.swift; path = simd_la.swift; sourceTree = "<group>"; };
		0B0CC9EA200BFEAB003ADD36 /* Camera.swift */ = {isa = PBXFileReference; lastKnownFileType = sourcecode.swift; path = Camera.swift; sourceTree = "<group>"; };
		0B0CC9EC200C0211003ADD36 /* Shaders.metal */ = {isa = PBXFileReference; lastKnownFileType = sourcecode.metal; path = Shaders.metal; sourceTree = "<group>"; };
		0B3820B5207E702900B4D957 /* Landscape-iOS.app */ = {isa = PBXFileReference; explicitFileType = wrapper.application; includeInIndex = 0; path = "Landscape-iOS.app"; sourceTree = BUILT_PRODUCTS_DIR; };
		0B3820B7207E702900B4D957 /* AppDelegate.swift */ = {isa = PBXFileReference; lastKnownFileType = sourcecode.swift; path = AppDelegate.swift; sourceTree = "<group>"; };
		0B3820C1207E702900B4D957 /* Base */ = {isa = PBXFileReference; lastKnownFileType = file.storyboard; name = Base; path = Base.lproj/Main.storyboard; sourceTree = "<group>"; };
		0B3820C3207E702900B4D957 /* Assets.xcassets */ = {isa = PBXFileReference; lastKnownFileType = folder.assetcatalog; path = Assets.xcassets; sourceTree = "<group>"; };
		0B3820C6207E702900B4D957 /* Base */ = {isa = PBXFileReference; lastKnownFileType = file.storyboard; name = Base; path = Base.lproj/LaunchScreen.storyboard; sourceTree = "<group>"; };
		0B3820C8207E702900B4D957 /* Info.plist */ = {isa = PBXFileReference; lastKnownFileType = text.plist.xml; path = Info.plist; sourceTree = "<group>"; };
		0B3820CC207E712B00B4D957 /* ViewController.swift */ = {isa = PBXFileReference; fileEncoding = 4; lastKnownFileType = sourcecode.swift; path = ViewController.swift; sourceTree = "<group>"; };
		0B3820CE207E719000B4D957 /* GameViewController.swift */ = {isa = PBXFileReference; fileEncoding = 4; lastKnownFileType = sourcecode.swift; path = GameViewController.swift; sourceTree = "<group>"; };
		0B3820D4207E723500B4D957 /* Landscape-macOS.app */ = {isa = PBXFileReference; explicitFileType = wrapper.application; includeInIndex = 0; path = "Landscape-macOS.app"; sourceTree = BUILT_PRODUCTS_DIR; };
		0B3820D6207E723500B4D957 /* AppDelegate.swift */ = {isa = PBXFileReference; lastKnownFileType = sourcecode.swift; path = AppDelegate.swift; sourceTree = "<group>"; };
		0B3820DC207E723500B4D957 /* Shaders.metal */ = {isa = PBXFileReference; lastKnownFileType = sourcecode.metal; path = Shaders.metal; sourceTree = "<group>"; };
		0B3820DF207E723500B4D957 /* Assets.xcassets */ = {isa = PBXFileReference; lastKnownFileType = folder.assetcatalog; path = Assets.xcassets; sourceTree = "<group>"; };
		0B3820E2207E723500B4D957 /* Base */ = {isa = PBXFileReference; lastKnownFileType = file.storyboard; name = Base; path = Base.lproj/Main.storyboard; sourceTree = "<group>"; };
		0B3820E4207E723500B4D957 /* Info.plist */ = {isa = PBXFileReference; lastKnownFileType = text.plist.xml; path = Info.plist; sourceTree = "<group>"; };
		0B3820E5207E723500B4D957 /* Landscape_macOS.entitlements */ = {isa = PBXFileReference; lastKnownFileType = text.plist.entitlements; path = Landscape_macOS.entitlements; sourceTree = "<group>"; };
		0B3820EC207E735E00B4D957 /* PlatformTypes.swift */ = {isa = PBXFileReference; lastKnownFileType = sourcecode.swift; path = PlatformTypes.swift; sourceTree = "<group>"; };
		0B3820F0207E789F00B4D957 /* ShaderTypes.h */ = {isa = PBXFileReference; lastKnownFileType = sourcecode.c.h; path = ShaderTypes.h; sourceTree = "<group>"; };
		0B3A583320432EC2003CD13B /* RenderManager.swift */ = {isa = PBXFileReference; lastKnownFileType = sourcecode.swift; path = RenderManager.swift; sourceTree = "<group>"; };
		0B3A583520433CA4003CD13B /* TerrainManager.swift */ = {isa = PBXFileReference; lastKnownFileType = sourcecode.swift; path = TerrainManager.swift; sourceTree = "<group>"; };
		0B3A583720435C1E003CD13B /* simd+ext.swift */ = {isa = PBXFileReference; lastKnownFileType = sourcecode.swift; path = "simd+ext.swift"; sourceTree = "<group>"; };
		0B3A58392043A475003CD13B /* TerrainState.swift */ = {isa = PBXFileReference; lastKnownFileType = sourcecode.swift; path = TerrainState.swift; sourceTree = "<group>"; };
		0B443B412076E31000DA4921 /* signed_distance_functions.metal */ = {isa = PBXFileReference; lastKnownFileType = sourcecode.metal; path = signed_distance_functions.metal; sourceTree = "<group>"; };
		0B443B432076E32200DA4921 /* signed_distance_functions_header.metal */ = {isa = PBXFileReference; lastKnownFileType = sourcecode.metal; path = signed_distance_functions_header.metal; sourceTree = "<group>"; };
		0B489BD2203E3B6400BDDBC2 /* BufferProvider.swift */ = {isa = PBXFileReference; lastKnownFileType = sourcecode.swift; path = BufferProvider.swift; sourceTree = "<group>"; };
		0B53A279202C0C5D00164119 /* terrain_header.metal */ = {isa = PBXFileReference; lastKnownFileType = sourcecode.metal; path = terrain_header.metal; sourceTree = "<group>"; };
		0B53A27B202C0C6800164119 /* terrain.metal */ = {isa = PBXFileReference; lastKnownFileType = sourcecode.metal; path = terrain.metal; sourceTree = "<group>"; };
		0B798965201D1F980060855A /* TessellationShaders.metal */ = {isa = PBXFileReference; lastKnownFileType = sourcecode.metal; path = TessellationShaders.metal; sourceTree = "<group>"; };
		0BAA4C65204E1B2000AAAC4A /* MetalKit.framework */ = {isa = PBXFileReference; lastKnownFileType = wrapper.framework; name = MetalKit.framework; path = System/Library/Frameworks/MetalKit.framework; sourceTree = SDKROOT; };
		0BAA4C66204E1B2000AAAC4A /* Metal.framework */ = {isa = PBXFileReference; lastKnownFileType = wrapper.framework; name = Metal.framework; path = System/Library/Frameworks/Metal.framework; sourceTree = SDKROOT; };
		0BAA4C67204E1B2000AAAC4A /* MetalPerformanceShaders.framework */ = {isa = PBXFileReference; lastKnownFileType = wrapper.framework; name = MetalPerformanceShaders.framework; path = System/Library/Frameworks/MetalPerformanceShaders.framework; sourceTree = SDKROOT; };
		0BAA4C6B204F576900AAAC4A /* MathUtils.swift */ = {isa = PBXFileReference; lastKnownFileType = sourcecode.swift; path = MathUtils.swift; sourceTree = "<group>"; };
		0BCC3B3E20697BDA007B345A /* TerrainTables.swift */ = {isa = PBXFileReference; lastKnownFileType = sourcecode.swift; path = TerrainTables.swift; sourceTree = "<group>"; };
		0BCC3B46207191EC007B345A /* data_types.metal */ = {isa = PBXFileReference; lastKnownFileType = sourcecode.metal; path = data_types.metal; sourceTree = "<group>"; };
/* End PBXFileReference section */

/* Begin PBXFrameworksBuildPhase section */
		0B0CC9D0200BEAB0003ADD36 /* Frameworks */ = {
			isa = PBXFrameworksBuildPhase;
			buildActionMask = 2147483647;
			files = (
				0BAA4C68204E1B2100AAAC4A /* MetalKit.framework in Frameworks */,
				0BAA4C69204E1B2100AAAC4A /* Metal.framework in Frameworks */,
				0BAA4C6A204E1B2100AAAC4A /* MetalPerformanceShaders.framework in Frameworks */,
			);
			runOnlyForDeploymentPostprocessing = 0;
		};
		0B3820B2207E702900B4D957 /* Frameworks */ = {
			isa = PBXFrameworksBuildPhase;
			buildActionMask = 2147483647;
			files = (
			);
			runOnlyForDeploymentPostprocessing = 0;
		};
		0B3820D1207E723500B4D957 /* Frameworks */ = {
			isa = PBXFrameworksBuildPhase;
			buildActionMask = 2147483647;
			files = (
			);
			runOnlyForDeploymentPostprocessing = 0;
		};
/* End PBXFrameworksBuildPhase section */

/* Begin PBXGroup section */
		0B0CC9CA200BEAB0003ADD36 = {
			isa = PBXGroup;
			children = (
				0B0CC9D5200BEAB0003ADD36 /* MiniMinecraft */,
				0B3820B6207E702900B4D957 /* Landscape-iOS */,
				0B3820D5207E723500B4D957 /* Landscape-macOS */,
				0B0CC9D4200BEAB0003ADD36 /* Products */,
				0BAA4C64204E1B1F00AAAC4A /* Frameworks */,
			);
			sourceTree = "<group>";
		};
		0B0CC9D4200BEAB0003ADD36 /* Products */ = {
			isa = PBXGroup;
			children = (
				0B0CC9D3200BEAB0003ADD36 /* MiniMinecraft.app */,
				0B3820B5207E702900B4D957 /* Landscape-iOS.app */,
				0B3820D4207E723500B4D957 /* Landscape-macOS.app */,
			);
			name = Products;
			sourceTree = "<group>";
		};
		0B0CC9D5200BEAB0003ADD36 /* MiniMinecraft */ = {
			isa = PBXGroup;
			children = (
				0B3820EC207E735E00B4D957 /* PlatformTypes.swift */,
				0B3820CC207E712B00B4D957 /* ViewController.swift */,
				0B489BD2203E3B6400BDDBC2 /* BufferProvider.swift */,
				0B53A278202C0C2E00164119 /* Shaders */,
				0B0CC9D6200BEAB0003ADD36 /* AppDelegate.swift */,
				0B0CC9DA200BEAB0003ADD36 /* Assets.xcassets */,
				0B0CC9DC200BEAB0003ADD36 /* Main.storyboard */,
				0B0CC9DF200BEAB0003ADD36 /* Info.plist */,
				0B0CC9E0200BEAB0003ADD36 /* MiniMinecraft.entitlements */,
				0B0CC9E6200BFE15003ADD36 /* MetalView.swift */,
				0B0CC9E8200BFE93003ADD36 /* simd_la.swift */,
				0B0CC9EA200BFEAB003ADD36 /* Camera.swift */,
				0B3A583320432EC2003CD13B /* RenderManager.swift */,
				0B3A583520433CA4003CD13B /* TerrainManager.swift */,
				0B3A583720435C1E003CD13B /* simd+ext.swift */,
				0B3A58392043A475003CD13B /* TerrainState.swift */,
				0BAA4C6B204F576900AAAC4A /* MathUtils.swift */,
				0BCC3B3E20697BDA007B345A /* TerrainTables.swift */,
				0B3820F0207E789F00B4D957 /* ShaderTypes.h */,
			);
			path = MiniMinecraft;
			sourceTree = "<group>";
		};
		0B3820B6207E702900B4D957 /* Landscape-iOS */ = {
			isa = PBXGroup;
			children = (
				0B3820CE207E719000B4D957 /* GameViewController.swift */,
				0B3820B7207E702900B4D957 /* AppDelegate.swift */,
				0B3820C0207E702900B4D957 /* Main.storyboard */,
				0B3820C3207E702900B4D957 /* Assets.xcassets */,
				0B3820C5207E702900B4D957 /* LaunchScreen.storyboard */,
				0B3820C8207E702900B4D957 /* Info.plist */,
			);
			path = "Landscape-iOS";
			sourceTree = "<group>";
		};
		0B3820D5207E723500B4D957 /* Landscape-macOS */ = {
			isa = PBXGroup;
			children = (
				0B3820D6207E723500B4D957 /* AppDelegate.swift */,
				0B3820DC207E723500B4D957 /* Shaders.metal */,
				0B3820DF207E723500B4D957 /* Assets.xcassets */,
				0B3820E1207E723500B4D957 /* Main.storyboard */,
				0B3820E4207E723500B4D957 /* Info.plist */,
				0B3820E5207E723500B4D957 /* Landscape_macOS.entitlements */,
			);
			path = "Landscape-macOS";
			sourceTree = "<group>";
		};
		0B53A278202C0C2E00164119 /* Shaders */ = {
			isa = PBXGroup;
			children = (
				0B0CC9EC200C0211003ADD36 /* Shaders.metal */,
				0B798965201D1F980060855A /* TessellationShaders.metal */,
				0B53A279202C0C5D00164119 /* terrain_header.metal */,
				0B53A27B202C0C6800164119 /* terrain.metal */,
				0BCC3B46207191EC007B345A /* data_types.metal */,
				0B443B412076E31000DA4921 /* signed_distance_functions.metal */,
				0B443B432076E32200DA4921 /* signed_distance_functions_header.metal */,
			);
			path = Shaders;
			sourceTree = "<group>";
		};
		0BAA4C64204E1B1F00AAAC4A /* Frameworks */ = {
			isa = PBXGroup;
			children = (
				0BAA4C66204E1B2000AAAC4A /* Metal.framework */,
				0BAA4C65204E1B2000AAAC4A /* MetalKit.framework */,
				0BAA4C67204E1B2000AAAC4A /* MetalPerformanceShaders.framework */,
			);
			name = Frameworks;
			sourceTree = "<group>";
		};
/* End PBXGroup section */

/* Begin PBXNativeTarget section */
		0B0CC9D2200BEAB0003ADD36 /* MiniMinecraft */ = {
			isa = PBXNativeTarget;
			buildConfigurationList = 0B0CC9E3200BEAB0003ADD36 /* Build configuration list for PBXNativeTarget "MiniMinecraft" */;
			buildPhases = (
				0B0CC9CF200BEAB0003ADD36 /* Sources */,
				0B0CC9D0200BEAB0003ADD36 /* Frameworks */,
				0B0CC9D1200BEAB0003ADD36 /* Resources */,
			);
			buildRules = (
			);
			dependencies = (
			);
			name = MiniMinecraft;
			productName = MiniMinecraft;
			productReference = 0B0CC9D3200BEAB0003ADD36 /* MiniMinecraft.app */;
			productType = "com.apple.product-type.application";
		};
		0B3820B4207E702900B4D957 /* Landscape-iOS */ = {
			isa = PBXNativeTarget;
			buildConfigurationList = 0B3820CB207E702900B4D957 /* Build configuration list for PBXNativeTarget "Landscape-iOS" */;
			buildPhases = (
				0B3820B1207E702900B4D957 /* Sources */,
				0B3820B2207E702900B4D957 /* Frameworks */,
				0B3820B3207E702900B4D957 /* Resources */,
			);
			buildRules = (
			);
			dependencies = (
			);
			name = "Landscape-iOS";
			productName = "Landscape-iOS";
			productReference = 0B3820B5207E702900B4D957 /* Landscape-iOS.app */;
			productType = "com.apple.product-type.application";
		};
		0B3820D3207E723500B4D957 /* Landscape-macOS */ = {
			isa = PBXNativeTarget;
			buildConfigurationList = 0B3820E6207E723500B4D957 /* Build configuration list for PBXNativeTarget "Landscape-macOS" */;
			buildPhases = (
				0B3820D0207E723500B4D957 /* Sources */,
				0B3820D1207E723500B4D957 /* Frameworks */,
				0B3820D2207E723500B4D957 /* Resources */,
			);
			buildRules = (
			);
			dependencies = (
			);
			name = "Landscape-macOS";
			productName = "Landscape-macOS";
			productReference = 0B3820D4207E723500B4D957 /* Landscape-macOS.app */;
			productType = "com.apple.product-type.application";
		};
/* End PBXNativeTarget section */

/* Begin PBXProject section */
		0B0CC9CB200BEAB0003ADD36 /* Project object */ = {
			isa = PBXProject;
			attributes = {
				LastSwiftUpdateCheck = 0920;
				LastUpgradeCheck = 0920;
				ORGANIZATIONNAME = "William Ho";
				TargetAttributes = {
					0B0CC9D2200BEAB0003ADD36 = {
						CreatedOnToolsVersion = 9.2;
						ProvisioningStyle = Automatic;
					};
					0B3820B4207E702900B4D957 = {
						CreatedOnToolsVersion = 9.2;
						ProvisioningStyle = Automatic;
					};
					0B3820D3207E723500B4D957 = {
						CreatedOnToolsVersion = 9.2;
						ProvisioningStyle = Automatic;
					};
				};
			};
			buildConfigurationList = 0B0CC9CE200BEAB0003ADD36 /* Build configuration list for PBXProject "MiniMinecraft" */;
			compatibilityVersion = "Xcode 8.0";
			developmentRegion = en;
			hasScannedForEncodings = 0;
			knownRegions = (
				en,
				Base,
			);
			mainGroup = 0B0CC9CA200BEAB0003ADD36;
			productRefGroup = 0B0CC9D4200BEAB0003ADD36 /* Products */;
			projectDirPath = "";
			projectRoot = "";
			targets = (
				0B0CC9D2200BEAB0003ADD36 /* MiniMinecraft */,
				0B3820B4207E702900B4D957 /* Landscape-iOS */,
				0B3820D3207E723500B4D957 /* Landscape-macOS */,
			);
		};
/* End PBXProject section */

/* Begin PBXResourcesBuildPhase section */
		0B0CC9D1200BEAB0003ADD36 /* Resources */ = {
			isa = PBXResourcesBuildPhase;
			buildActionMask = 2147483647;
			files = (
				0B0CC9DB200BEAB0003ADD36 /* Assets.xcassets in Resources */,
				0B0CC9DE200BEAB0003ADD36 /* Main.storyboard in Resources */,
			);
			runOnlyForDeploymentPostprocessing = 0;
		};
		0B3820B3207E702900B4D957 /* Resources */ = {
			isa = PBXResourcesBuildPhase;
			buildActionMask = 2147483647;
			files = (
				0B3820C7207E702900B4D957 /* LaunchScreen.storyboard in Resources */,
				0B3820C4207E702900B4D957 /* Assets.xcassets in Resources */,
				0B3820C2207E702900B4D957 /* Main.storyboard in Resources */,
			);
			runOnlyForDeploymentPostprocessing = 0;
		};
		0B3820D2207E723500B4D957 /* Resources */ = {
			isa = PBXResourcesBuildPhase;
			buildActionMask = 2147483647;
			files = (
				0B3820E0207E723500B4D957 /* Assets.xcassets in Resources */,
				0B3820E3207E723500B4D957 /* Main.storyboard in Resources */,
			);
			runOnlyForDeploymentPostprocessing = 0;
		};
/* End PBXResourcesBuildPhase section */

/* Begin PBXSourcesBuildPhase section */
		0B0CC9CF200BEAB0003ADD36 /* Sources */ = {
			isa = PBXSourcesBuildPhase;
			buildActionMask = 2147483647;
			files = (
				0B3A583820435C1E003CD13B /* simd+ext.swift in Sources */,
				0BCC3B3F20697BDA007B345A /* TerrainTables.swift in Sources */,
				0B0CC9ED200C0211003ADD36 /* Shaders.metal in Sources */,
				0B3A583420432EC2003CD13B /* RenderManager.swift in Sources */,
				0B489BD3203E3B6400BDDBC2 /* BufferProvider.swift in Sources */,
				0BAA4C6C204F576900AAAC4A /* MathUtils.swift in Sources */,
				0B798966201D1F980060855A /* TessellationShaders.metal in Sources */,
				0B443B422076E31000DA4921 /* signed_distance_functions.metal in Sources */,
				0B0CC9E7200BFE15003ADD36 /* MetalView.swift in Sources */,
				0B53A27C202C0C6800164119 /* terrain.metal in Sources */,
				0B3A583620433CA4003CD13B /* TerrainManager.swift in Sources */,
				0B3820EF207E783100B4D957 /* PlatformTypes.swift in Sources */,
				0B0CC9EB200BFEAB003ADD36 /* Camera.swift in Sources */,
				0B0CC9E9200BFE93003ADD36 /* simd_la.swift in Sources */,
				0B443B442076E32200DA4921 /* signed_distance_functions_header.metal in Sources */,
				0B0CC9D7200BEAB0003ADD36 /* AppDelegate.swift in Sources */,
				0B53A27A202C0C5D00164119 /* terrain_header.metal in Sources */,
				0B3A583A2043A475003CD13B /* TerrainState.swift in Sources */,
				0BCC3B47207191EC007B345A /* data_types.metal in Sources */,
			);
			runOnlyForDeploymentPostprocessing = 0;
		};
		0B3820B1207E702900B4D957 /* Sources */ = {
			isa = PBXSourcesBuildPhase;
			buildActionMask = 2147483647;
			files = (
				0B3820ED207E735E00B4D957 /* PlatformTypes.swift in Sources */,
				0B3820E9207E730B00B4D957 /* ViewController.swift in Sources */,
				0B3820CF207E719000B4D957 /* GameViewController.swift in Sources */,
				0B3820B8207E702900B4D957 /* AppDelegate.swift in Sources */,
			);
			runOnlyForDeploymentPostprocessing = 0;
		};
		0B3820D0207E723500B4D957 /* Sources */ = {
			isa = PBXSourcesBuildPhase;
			buildActionMask = 2147483647;
			files = (
				0B3820EA207E730C00B4D957 /* ViewController.swift in Sources */,
				0B3820DD207E723500B4D957 /* Shaders.metal in Sources */,
				0BF30CB62080184100094C07 /* RenderManager.swift in Sources */,
				0B3820EE207E782A00B4D957 /* PlatformTypes.swift in Sources */,
				0B3820D7207E723500B4D957 /* AppDelegate.swift in Sources */,
			);
			runOnlyForDeploymentPostprocessing = 0;
		};
/* End PBXSourcesBuildPhase section */

/* Begin PBXVariantGroup section */
		0B0CC9DC200BEAB0003ADD36 /* Main.storyboard */ = {
			isa = PBXVariantGroup;
			children = (
				0B0CC9DD200BEAB0003ADD36 /* Base */,
			);
			name = Main.storyboard;
			sourceTree = "<group>";
		};
		0B3820C0207E702900B4D957 /* Main.storyboard */ = {
			isa = PBXVariantGroup;
			children = (
				0B3820C1207E702900B4D957 /* Base */,
			);
			name = Main.storyboard;
			sourceTree = "<group>";
		};
		0B3820C5207E702900B4D957 /* LaunchScreen.storyboard */ = {
			isa = PBXVariantGroup;
			children = (
				0B3820C6207E702900B4D957 /* Base */,
			);
			name = LaunchScreen.storyboard;
			sourceTree = "<group>";
		};
		0B3820E1207E723500B4D957 /* Main.storyboard */ = {
			isa = PBXVariantGroup;
			children = (
				0B3820E2207E723500B4D957 /* Base */,
			);
			name = Main.storyboard;
			sourceTree = "<group>";
		};
/* End PBXVariantGroup section */

/* Begin XCBuildConfiguration section */
		0B0CC9E1200BEAB0003ADD36 /* Debug */ = {
			isa = XCBuildConfiguration;
			buildSettings = {
				ALWAYS_SEARCH_USER_PATHS = NO;
				CLANG_ANALYZER_NONNULL = YES;
				CLANG_ANALYZER_NUMBER_OBJECT_CONVERSION = YES_AGGRESSIVE;
				CLANG_CXX_LANGUAGE_STANDARD = "gnu++14";
				CLANG_CXX_LIBRARY = "libc++";
				CLANG_ENABLE_MODULES = YES;
				CLANG_ENABLE_OBJC_ARC = YES;
				CLANG_WARN_BLOCK_CAPTURE_AUTORELEASING = YES;
				CLANG_WARN_BOOL_CONVERSION = YES;
				CLANG_WARN_COMMA = YES;
				CLANG_WARN_CONSTANT_CONVERSION = YES;
				CLANG_WARN_DIRECT_OBJC_ISA_USAGE = YES_ERROR;
				CLANG_WARN_DOCUMENTATION_COMMENTS = YES;
				CLANG_WARN_EMPTY_BODY = YES;
				CLANG_WARN_ENUM_CONVERSION = YES;
				CLANG_WARN_INFINITE_RECURSION = YES;
				CLANG_WARN_INT_CONVERSION = YES;
				CLANG_WARN_NON_LITERAL_NULL_CONVERSION = YES;
				CLANG_WARN_OBJC_LITERAL_CONVERSION = YES;
				CLANG_WARN_OBJC_ROOT_CLASS = YES_ERROR;
				CLANG_WARN_RANGE_LOOP_ANALYSIS = YES;
				CLANG_WARN_STRICT_PROTOTYPES = YES;
				CLANG_WARN_SUSPICIOUS_MOVE = YES;
				CLANG_WARN_UNGUARDED_AVAILABILITY = YES_AGGRESSIVE;
				CLANG_WARN_UNREACHABLE_CODE = YES;
				CLANG_WARN__DUPLICATE_METHOD_MATCH = YES;
				CODE_SIGN_IDENTITY = "Mac Developer";
				COPY_PHASE_STRIP = NO;
				DEBUG_INFORMATION_FORMAT = dwarf;
				ENABLE_STRICT_OBJC_MSGSEND = YES;
				ENABLE_TESTABILITY = YES;
				GCC_C_LANGUAGE_STANDARD = gnu11;
				GCC_DYNAMIC_NO_PIC = NO;
				GCC_NO_COMMON_BLOCKS = YES;
				GCC_OPTIMIZATION_LEVEL = 0;
				GCC_PREPROCESSOR_DEFINITIONS = (
					"DEBUG=1",
					"$(inherited)",
				);
				GCC_WARN_64_TO_32_BIT_CONVERSION = YES;
				GCC_WARN_ABOUT_RETURN_TYPE = YES_ERROR;
				GCC_WARN_UNDECLARED_SELECTOR = YES;
				GCC_WARN_UNINITIALIZED_AUTOS = YES_AGGRESSIVE;
				GCC_WARN_UNUSED_FUNCTION = YES;
				GCC_WARN_UNUSED_VARIABLE = YES;
				MACOSX_DEPLOYMENT_TARGET = 10.13;
				MTL_ENABLE_DEBUG_INFO = YES;
				ONLY_ACTIVE_ARCH = YES;
				SDKROOT = macosx;
				SWIFT_ACTIVE_COMPILATION_CONDITIONS = DEBUG;
				SWIFT_OPTIMIZATION_LEVEL = "-Onone";
			};
			name = Debug;
		};
		0B0CC9E2200BEAB0003ADD36 /* Release */ = {
			isa = XCBuildConfiguration;
			buildSettings = {
				ALWAYS_SEARCH_USER_PATHS = NO;
				CLANG_ANALYZER_NONNULL = YES;
				CLANG_ANALYZER_NUMBER_OBJECT_CONVERSION = YES_AGGRESSIVE;
				CLANG_CXX_LANGUAGE_STANDARD = "gnu++14";
				CLANG_CXX_LIBRARY = "libc++";
				CLANG_ENABLE_MODULES = YES;
				CLANG_ENABLE_OBJC_ARC = YES;
				CLANG_WARN_BLOCK_CAPTURE_AUTORELEASING = YES;
				CLANG_WARN_BOOL_CONVERSION = YES;
				CLANG_WARN_COMMA = YES;
				CLANG_WARN_CONSTANT_CONVERSION = YES;
				CLANG_WARN_DIRECT_OBJC_ISA_USAGE = YES_ERROR;
				CLANG_WARN_DOCUMENTATION_COMMENTS = YES;
				CLANG_WARN_EMPTY_BODY = YES;
				CLANG_WARN_ENUM_CONVERSION = YES;
				CLANG_WARN_INFINITE_RECURSION = YES;
				CLANG_WARN_INT_CONVERSION = YES;
				CLANG_WARN_NON_LITERAL_NULL_CONVERSION = YES;
				CLANG_WARN_OBJC_LITERAL_CONVERSION = YES;
				CLANG_WARN_OBJC_ROOT_CLASS = YES_ERROR;
				CLANG_WARN_RANGE_LOOP_ANALYSIS = YES;
				CLANG_WARN_STRICT_PROTOTYPES = YES;
				CLANG_WARN_SUSPICIOUS_MOVE = YES;
				CLANG_WARN_UNGUARDED_AVAILABILITY = YES_AGGRESSIVE;
				CLANG_WARN_UNREACHABLE_CODE = YES;
				CLANG_WARN__DUPLICATE_METHOD_MATCH = YES;
				CODE_SIGN_IDENTITY = "Mac Developer";
				COPY_PHASE_STRIP = NO;
				DEBUG_INFORMATION_FORMAT = "dwarf-with-dsym";
				ENABLE_NS_ASSERTIONS = NO;
				ENABLE_STRICT_OBJC_MSGSEND = YES;
				GCC_C_LANGUAGE_STANDARD = gnu11;
				GCC_NO_COMMON_BLOCKS = YES;
				GCC_WARN_64_TO_32_BIT_CONVERSION = YES;
				GCC_WARN_ABOUT_RETURN_TYPE = YES_ERROR;
				GCC_WARN_UNDECLARED_SELECTOR = YES;
				GCC_WARN_UNINITIALIZED_AUTOS = YES_AGGRESSIVE;
				GCC_WARN_UNUSED_FUNCTION = YES;
				GCC_WARN_UNUSED_VARIABLE = YES;
				MACOSX_DEPLOYMENT_TARGET = 10.13;
				MTL_ENABLE_DEBUG_INFO = NO;
				SDKROOT = macosx;
				SWIFT_OPTIMIZATION_LEVEL = "-Owholemodule";
			};
			name = Release;
		};
		0B0CC9E4200BEAB0003ADD36 /* Debug */ = {
			isa = XCBuildConfiguration;
			buildSettings = {
				ASSETCATALOG_COMPILER_APPICON_NAME = AppIcon;
				CODE_SIGN_ENTITLEMENTS = MiniMinecraft/MiniMinecraft.entitlements;
				CODE_SIGN_STYLE = Automatic;
				COMBINE_HIDPI_IMAGES = YES;
				DEVELOPMENT_TEAM = 638RKZ56ZV;
				INFOPLIST_FILE = MiniMinecraft/Info.plist;
				LD_RUNPATH_SEARCH_PATHS = "$(inherited) @executable_path/../Frameworks";
				PRODUCT_BUNDLE_IDENTIFIER = self.edu.MiniMinecraft;
				PRODUCT_NAME = "$(TARGET_NAME)";
				SWIFT_VERSION = 4.0;
			};
			name = Debug;
		};
		0B0CC9E5200BEAB0003ADD36 /* Release */ = {
			isa = XCBuildConfiguration;
			buildSettings = {
				ASSETCATALOG_COMPILER_APPICON_NAME = AppIcon;
				CODE_SIGN_ENTITLEMENTS = MiniMinecraft/MiniMinecraft.entitlements;
				CODE_SIGN_STYLE = Automatic;
				COMBINE_HIDPI_IMAGES = YES;
				DEVELOPMENT_TEAM = 638RKZ56ZV;
				INFOPLIST_FILE = MiniMinecraft/Info.plist;
				LD_RUNPATH_SEARCH_PATHS = "$(inherited) @executable_path/../Frameworks";
				ONLY_ACTIVE_ARCH = NO;
				PRODUCT_BUNDLE_IDENTIFIER = self.edu.MiniMinecraft;
				PRODUCT_NAME = "$(TARGET_NAME)";
				SWIFT_VERSION = 4.0;
			};
			name = Release;
		};
		0B3820C9207E702900B4D957 /* Debug */ = {
			isa = XCBuildConfiguration;
			buildSettings = {
				ASSETCATALOG_COMPILER_APPICON_NAME = AppIcon;
				CODE_SIGN_IDENTITY = "iPhone Developer";
				CODE_SIGN_STYLE = Automatic;
				DEVELOPMENT_TEAM = 638RKZ56ZV;
				INFOPLIST_FILE = "Landscape-iOS/Info.plist";
				IPHONEOS_DEPLOYMENT_TARGET = 11.2;
				LD_RUNPATH_SEARCH_PATHS = "$(inherited) @executable_path/Frameworks";
				PRODUCT_BUNDLE_IDENTIFIER = "self.edu.Landscape-iOS";
				PRODUCT_NAME = "$(TARGET_NAME)";
				SDKROOT = iphoneos;
				SWIFT_OBJC_BRIDGING_HEADER = MiniMinecraft/ShaderTypes.h;
				SWIFT_VERSION = 4.0;
				TARGETED_DEVICE_FAMILY = "1,2";
			};
			name = Debug;
		};
		0B3820CA207E702900B4D957 /* Release */ = {
			isa = XCBuildConfiguration;
			buildSettings = {
				ASSETCATALOG_COMPILER_APPICON_NAME = AppIcon;
				CODE_SIGN_IDENTITY = "iPhone Developer";
				CODE_SIGN_STYLE = Automatic;
				DEVELOPMENT_TEAM = 638RKZ56ZV;
				INFOPLIST_FILE = "Landscape-iOS/Info.plist";
				IPHONEOS_DEPLOYMENT_TARGET = 11.2;
				LD_RUNPATH_SEARCH_PATHS = "$(inherited) @executable_path/Frameworks";
				PRODUCT_BUNDLE_IDENTIFIER = "self.edu.Landscape-iOS";
				PRODUCT_NAME = "$(TARGET_NAME)";
				SDKROOT = iphoneos;
				SWIFT_OBJC_BRIDGING_HEADER = MiniMinecraft/ShaderTypes.h;
				SWIFT_VERSION = 4.0;
				TARGETED_DEVICE_FAMILY = "1,2";
				VALIDATE_PRODUCT = YES;
			};
			name = Release;
		};
		0B3820E7207E723500B4D957 /* Debug */ = {
			isa = XCBuildConfiguration;
			buildSettings = {
				ASSETCATALOG_COMPILER_APPICON_NAME = AppIcon;
				CODE_SIGN_ENTITLEMENTS = "Landscape-macOS/Landscape_macOS.entitlements";
				CODE_SIGN_STYLE = Automatic;
				COMBINE_HIDPI_IMAGES = YES;
				DEVELOPMENT_TEAM = 638RKZ56ZV;
				INFOPLIST_FILE = "Landscape-macOS/Info.plist";
				LD_RUNPATH_SEARCH_PATHS = "$(inherited) @executable_path/../Frameworks";
				PRODUCT_BUNDLE_IDENTIFIER = "self.edu.Landscape-macOS";
				PRODUCT_NAME = "$(TARGET_NAME)";
				SWIFT_OBJC_BRIDGING_HEADER = MiniMinecraft/ShaderTypes.h;
				SWIFT_VERSION = 4.0;
			};
			name = Debug;
		};
		0B3820E8207E723500B4D957 /* Release */ = {
			isa = XCBuildConfiguration;
			buildSettings = {
				ASSETCATALOG_COMPILER_APPICON_NAME = AppIcon;
				CODE_SIGN_ENTITLEMENTS = "Landscape-macOS/Landscape_macOS.entitlements";
				CODE_SIGN_STYLE = Automatic;
				COMBINE_HIDPI_IMAGES = YES;
				DEVELOPMENT_TEAM = 638RKZ56ZV;
				INFOPLIST_FILE = "Landscape-macOS/Info.plist";
				LD_RUNPATH_SEARCH_PATHS = "$(inherited) @executable_path/../Frameworks";
				PRODUCT_BUNDLE_IDENTIFIER = "self.edu.Landscape-macOS";
				PRODUCT_NAME = "$(TARGET_NAME)";
				SWIFT_OBJC_BRIDGING_HEADER = MiniMinecraft/ShaderTypes.h;
				SWIFT_VERSION = 4.0;
			};
			name = Release;
		};
/* End XCBuildConfiguration section */

/* Begin XCConfigurationList section */
		0B0CC9CE200BEAB0003ADD36 /* Build configuration list for PBXProject "MiniMinecraft" */ = {
			isa = XCConfigurationList;
			buildConfigurations = (
				0B0CC9E1200BEAB0003ADD36 /* Debug */,
				0B0CC9E2200BEAB0003ADD36 /* Release */,
			);
			defaultConfigurationIsVisible = 0;
			defaultConfigurationName = Release;
		};
		0B0CC9E3200BEAB0003ADD36 /* Build configuration list for PBXNativeTarget "MiniMinecraft" */ = {
			isa = XCConfigurationList;
			buildConfigurations = (
				0B0CC9E4200BEAB0003ADD36 /* Debug */,
				0B0CC9E5200BEAB0003ADD36 /* Release */,
			);
			defaultConfigurationIsVisible = 0;
			defaultConfigurationName = Release;
		};
		0B3820CB207E702900B4D957 /* Build configuration list for PBXNativeTarget "Landscape-iOS" */ = {
			isa = XCConfigurationList;
			buildConfigurations = (
				0B3820C9207E702900B4D957 /* Debug */,
				0B3820CA207E702900B4D957 /* Release */,
			);
			defaultConfigurationIsVisible = 0;
			defaultConfigurationName = Release;
		};
		0B3820E6207E723500B4D957 /* Build configuration list for PBXNativeTarget "Landscape-macOS" */ = {
			isa = XCConfigurationList;
			buildConfigurations = (
				0B3820E7207E723500B4D957 /* Debug */,
				0B3820E8207E723500B4D957 /* Release */,
			);
			defaultConfigurationIsVisible = 0;
			defaultConfigurationName = Release;
		};
/* End XCConfigurationList section */
	};
	rootObject = 0B0CC9CB200BEAB0003ADD36 /* Project object */;
}
